
Microsoft Visual Studio Solution File, Format Version 12.00
# Visual Studio Version 17
VisualStudioVersion = 17.14.36109.1
MinimumVisualStudioVersion = 10.0.40219.1
Project("{FAE04EC0-301F-11D3-BF4B-00C04F79EFBC}") = "WPF_HMS", "WPF_HMS\WPF_HMS.csproj", "{D8304C15-ADA1-46EB-9DAF-26EF3E6CF0D4}"
EndProject
Project("{FAE04EC0-301F-11D3-BF4B-00C04F79EFBC}") = "MAUI_HMS", "MAUI_HMS\MAUI_HMS.csproj", "{900DE2B3-06ED-426C-9018-84409038C5CC}"
EndProject
Project("{FAE04EC0-301F-11D3-BF4B-00C04F79EFBC}") = "MauiBlazor_HMS", "MauiBlazo_HMS\MauiBlazor_HMS.csproj", "{B15C13DD-0553-4071-9D85-35194C8371F2}"
EndProject
Project("{FAE04EC0-301F-11D3-BF4B-00C04F79EFBC}") = "Blazor_HMS", "Blazor_HMS\Blazor_HMS.csproj", "{24B93C7C-0245-4D7C-9DBA-442D026E8CEB}"
EndProject
Project("{54A90642-561A-4BB1-A94E-469ADEE60C69}") = "ang_asp_hms.client", "Ang_ASP_HMS\ang_asp_hms.client\ang_asp_hms.client.esproj", "{E24504C5-F0EF-7B1C-B265-E8A490C02144}"
EndProject
Project("{FAE04EC0-301F-11D3-BF4B-00C04F79EFBC}") = "Ang_ASP_HMS.Server", "Ang_ASP_HMS\Ang_ASP_HMS.Server\Ang_ASP_HMS.Server.csproj", "{900766A8-3622-4FCE-BFBF-094D038274C0}"
EndProject
Project("{FAE04EC0-301F-11D3-BF4B-00C04F79EFBC}") = "ASP_WebAPI_HMS", "ASP_WebAPI_HMS\ASP_WebAPI_HMS.csproj", "{CF3FA1F9-D179-4319-A7CA-C80D98FB7E6D}"
EndProject
Global
	GlobalSection(SolutionConfigurationPlatforms) = preSolution
		Debug|Any CPU = Debug|Any CPU
		Release|Any CPU = Release|Any CPU
	EndGlobalSection
	GlobalSection(ProjectConfigurationPlatforms) = postSolution
		{D8304C15-ADA1-46EB-9DAF-26EF3E6CF0D4}.Debug|Any CPU.ActiveCfg = Debug|Any CPU
		{D8304C15-ADA1-46EB-9DAF-26EF3E6CF0D4}.Debug|Any CPU.Build.0 = Debug|Any CPU
		{D8304C15-ADA1-46EB-9DAF-26EF3E6CF0D4}.Release|Any CPU.ActiveCfg = Release|Any CPU
		{D8304C15-ADA1-46EB-9DAF-26EF3E6CF0D4}.Release|Any CPU.Build.0 = Release|Any CPU
		{900DE2B3-06ED-426C-9018-84409038C5CC}.Debug|Any CPU.ActiveCfg = Debug|Any CPU
		{900DE2B3-06ED-426C-9018-84409038C5CC}.Debug|Any CPU.Build.0 = Debug|Any CPU
		{900DE2B3-06ED-426C-9018-84409038C5CC}.Debug|Any CPU.Deploy.0 = Debug|Any CPU
		{900DE2B3-06ED-426C-9018-84409038C5CC}.Release|Any CPU.ActiveCfg = Release|Any CPU
		{900DE2B3-06ED-426C-9018-84409038C5CC}.Release|Any CPU.Build.0 = Release|Any CPU
		{900DE2B3-06ED-426C-9018-84409038C5CC}.Release|Any CPU.Deploy.0 = Release|Any CPU
		{B15C13DD-0553-4071-9D85-35194C8371F2}.Debug|Any CPU.ActiveCfg = Debug|Any CPU
		{B15C13DD-0553-4071-9D85-35194C8371F2}.Debug|Any CPU.Build.0 = Debug|Any CPU
		{B15C13DD-0553-4071-9D85-35194C8371F2}.Debug|Any CPU.Deploy.0 = Debug|Any CPU
		{B15C13DD-0553-4071-9D85-35194C8371F2}.Release|Any CPU.ActiveCfg = Release|Any CPU
		{B15C13DD-0553-4071-9D85-35194C8371F2}.Release|Any CPU.Build.0 = Release|Any CPU
		{B15C13DD-0553-4071-9D85-35194C8371F2}.Release|Any CPU.Deploy.0 = Release|Any CPU
		{24B93C7C-0245-4D7C-9DBA-442D026E8CEB}.Debug|Any CPU.ActiveCfg = Debug|Any CPU
		{24B93C7C-0245-4D7C-9DBA-442D026E8CEB}.Debug|Any CPU.Build.0 = Debug|Any CPU
		{24B93C7C-0245-4D7C-9DBA-442D026E8CEB}.Release|Any CPU.ActiveCfg = Release|Any CPU
		{24B93C7C-0245-4D7C-9DBA-442D026E8CEB}.Release|Any CPU.Build.0 = Release|Any CPU
		{E24504C5-F0EF-7B1C-B265-E8A490C02144}.Debug|Any CPU.ActiveCfg = Debug|Any CPU
		{E24504C5-F0EF-7B1C-B265-E8A490C02144}.Debug|Any CPU.Build.0 = Debug|Any CPU
		{E24504C5-F0EF-7B1C-B265-E8A490C02144}.Debug|Any CPU.Deploy.0 = Debug|Any CPU
		{E24504C5-F0EF-7B1C-B265-E8A490C02144}.Release|Any CPU.ActiveCfg = Release|Any CPU
		{E24504C5-F0EF-7B1C-B265-E8A490C02144}.Release|Any CPU.Build.0 = Release|Any CPU
		{E24504C5-F0EF-7B1C-B265-E8A490C02144}.Release|Any CPU.Deploy.0 = Release|Any CPU
		{900766A8-3622-4FCE-BFBF-094D038274C0}.Debug|Any CPU.ActiveCfg = Debug|Any CPU
		{900766A8-3622-4FCE-BFBF-094D038274C0}.Debug|Any CPU.Build.0 = Debug|Any CPU
		{900766A8-3622-4FCE-BFBF-094D038274C0}.Release|Any CPU.ActiveCfg = Release|Any CPU
		{900766A8-3622-4FCE-BFBF-094D038274C0}.Release|Any CPU.Build.0 = Release|Any CPU
		{CF3FA1F9-D179-4319-A7CA-C80D98FB7E6D}.Debug|Any CPU.ActiveCfg = Debug|Any CPU
		{CF3FA1F9-D179-4319-A7CA-C80D98FB7E6D}.Debug|Any CPU.Build.0 = Debug|Any CPU
		{CF3FA1F9-D179-4319-A7CA-C80D98FB7E6D}.Release|Any CPU.ActiveCfg = Release|Any CPU
		{CF3FA1F9-D179-4319-A7CA-C80D98FB7E6D}.Release|Any CPU.Build.0 = Release|Any CPU
	EndGlobalSection
	GlobalSection(SolutionProperties) = preSolution
		HideSolutionNode = FALSE
	EndGlobalSection
	GlobalSection(ExtensibilityGlobals) = postSolution
		SolutionGuid = {A35B21F9-CA9C-49D1-9305-05CAA9C8DC48}
	EndGlobalSection
EndGlobal
